<Solution>
  <Configurations>
    <Platform Name="x64" />
  </Configurations>
  <Project Path="AStar/AStar.vcxproj" Id="c2deee1f-a774-482a-8803-c52677e628bd" />
  <Project Path="BinarySearch/BinarySearch.vcxproj" Id="25affad7-3f1b-4374-a2df-349b11c3df5c" />
  <Project Path="Bu/Bu.vcxproj" Id="60be5971-3e7d-4b18-98ab-ffdde638454b" />
  <Project Path="BubbleSort/BubbleSort.vcxproj" Id="ebdddc4f-6f0d-4d3f-8821-a2f52a99d660" />
  <Project Path="HeapSort/HeapSort.vcxproj" Id="2f24873c-c8f5-405a-a1ac-8a3e8cba272e" />
  <Project Path="InsertionSort/InsertionSort.vcxproj" Id="3ddb8996-b66f-4113-8331-d720b605a621" />
  <Project Path="MergeSort/MergeSort.vcxproj" Id="e4cee354-5954-4b02-afc4-26eec0fdc680" />
  <Project Path="QuadTree/QuadTree.vcxproj" Id="e9f5023d-a1f0-4a7e-9095-9d334217200d" />
  <Project Path="QuickSort/QuickSort.vcxproj" Id="318b57b4-54fe-45d6-b1b9-ef6375670e05" />
  <Project Path="Random/Random.vcxproj" Id="1f259379-744b-4447-9b21-f0f6793e3b7e" />
  <Project Path="Recursive/Recursive.vcxproj" Id="8f7d51ed-9ede-4915-9230-8310ce531b1b" />
  <Project Path="SelectionSort/SelectionSort.vcxproj" Id="e345553d-b4cf-4306-a61f-b041dc4b49ca" />
</Solution>
